{
  "name": "@tola/pilot",
  "version": "0.1.0",
  "lockfileVersion": 3,
  "requires": true,
  "packages": {
    "": {
      "name": "@tola/pilot",
      "version": "0.1.0",
      "dependencies": {
        "@tola/blackboard-tools": "file:../blackboard-tools",
        "@tola/growth-tools": "file:../growth-tools"
      }
    },
    "../blackboard-tools": {
      "name": "@tola/blackboard-tools",
      "version": "0.4.0"
    },
    "../growth-tools": {
      "name": "@tola/growth-tools",
      "version": "0.1.0",
      "dependencies": {
        "@tola/blackboard-tools": "file:../blackboard-tools"
      }
    },
    "node_modules/@tola/blackboard-tools": {
      "resolved": "../blackboard-tools",
      "link": true
    },
    "node_modules/@tola/growth-tools": {
      "resolved": "../growth-tools",
      "link": true
    }
  }
}
